<?xml version="1.0" encoding="utf-8"?>
<Project ToolsVersion="4.0" xmlns="http://schemas.microsoft.com/developer/msbuild/2003">
  <ItemGroup>
    <Filter Include="Resource Files">
      <UniqueIdentifier>{67DA6AB6-F800-4c08-8B7A-83BB121AAD01}</UniqueIdentifier>
      <Extensions>rc;ico;cur;bmp;dlg;rc2;rct;bin;rgs;gif;jpg;jpeg;jpe;resx;tiff;tif;png;wav;mfcribbon-ms</Extensions>
    </Filter>
    <Filter Include="Import">
      <UniqueIdentifier>{4d54d905-f8e4-47f1-bd1d-c0a8dcdbdbf9}</UniqueIdentifier>
    </Filter>
    <Filter Include="Render">
      <UniqueIdentifier>{963d48bb-219d-4b8d-a960-59a9281ed1f6}</UniqueIdentifier>
    </Filter>
    <Filter Include="ImportMesh">
      <UniqueIdentifier>{adef16f5-2916-40ed-8fef-446a6d7383c5}</UniqueIdentifier>
    </Filter>
    <Filter Include="Shaders">
      <UniqueIdentifier>{2fa95ea1-dfaf-47aa-9581-cc708fed176a}</UniqueIdentifier>
    </Filter>
    <Filter Include="BatchMesh">
      <UniqueIdentifier>{e2287370-96ec-4a96-b7c9-e9a1a95e602b}</UniqueIdentifier>
    </Filter>
    <Filter Include="Batch">
      <UniqueIdentifier>{bb134ee9-2e1b-4a38-b244-7966a397090e}</UniqueIdentifier>
    </Filter>
    <Filter Include="Container">
      <UniqueIdentifier>{06e421f6-1fb3-44d3-b505-a38b90259bde}</UniqueIdentifier>
    </Filter>
  </ItemGroup>
  <ItemGroup>
    <ClCompile Include="Import\FBXImport.cpp">
      <Filter>Import</Filter>
    </ClCompile>
    <ClCompile Include="ImportMesh\AnimatedMesh.cpp">
      <Filter>ImportMesh</Filter>
    </ClCompile>
    <ClCompile Include="ImportMesh\BoneNode.cpp">
      <Filter>ImportMesh</Filter>
    </ClCompile>
    <ClCompile Include="ImportMesh\Mesh.cpp">
      <Filter>ImportMesh</Filter>
    </ClCompile>
    <ClCompile Include="ImportMesh\MeshNode.cpp">
      <Filter>ImportMesh</Filter>
    </ClCompile>
    <ClCompile Include="ImportMesh\SkinnedVertex.cpp">
      <Filter>ImportMesh</Filter>
    </ClCompile>
    <ClCompile Include="ImportMesh\Triangle.cpp">
      <Filter>ImportMesh</Filter>
    </ClCompile>
    <ClCompile Include="ImportMesh\Vertex.cpp">
      <Filter>ImportMesh</Filter>
    </ClCompile>
    <ClCompile Include="Render\Window.cpp">
      <Filter>Render</Filter>
    </ClCompile>
    <ClCompile Include="AnimationApp.cpp" />
    <ClCompile Include="Batch\BatchProcessor.cpp">
      <Filter>Batch</Filter>
    </ClCompile>
    <ClCompile Include="BatchMesh\RenderMeshNode.cpp">
      <Filter>BatchMesh</Filter>
    </ClCompile>
    <ClCompile Include="BatchMesh\RenderMesh.cpp">
      <Filter>BatchMesh</Filter>
    </ClCompile>
    <ClCompile Include="Render\GLRenderer.cpp">
      <Filter>Render</Filter>
    </ClCompile>
    <ClCompile Include="Render\OrbitCamera.cpp">
      <Filter>Render</Filter>
    </ClCompile>
    <ClCompile Include="Render\FirstPersonCamera.cpp">
      <Filter>Render</Filter>
    </ClCompile>
  </ItemGroup>
  <ItemGroup>
    <ClInclude Include="Import\FBXImport.h">
      <Filter>Import</Filter>
    </ClInclude>
    <ClInclude Include="ImportMesh\AnimatedMesh.h">
      <Filter>ImportMesh</Filter>
    </ClInclude>
    <ClInclude Include="ImportMesh\BoneNode.h">
      <Filter>ImportMesh</Filter>
    </ClInclude>
    <ClInclude Include="ImportMesh\Mesh.h">
      <Filter>ImportMesh</Filter>
    </ClInclude>
    <ClInclude Include="ImportMesh\MeshNode.h">
      <Filter>ImportMesh</Filter>
    </ClInclude>
    <ClInclude Include="ImportMesh\SkinnedVertex.h">
      <Filter>ImportMesh</Filter>
    </ClInclude>
    <ClInclude Include="ImportMesh\Triangle.h">
      <Filter>ImportMesh</Filter>
    </ClInclude>
    <ClInclude Include="ImportMesh\Vertex.h">
      <Filter>ImportMesh</Filter>
    </ClInclude>
    <ClInclude Include="Render\Window.h">
      <Filter>Render</Filter>
    </ClInclude>
    <ClInclude Include="AnimationApp.h" />
    <ClInclude Include="Batch\BatchProcessor.h">
      <Filter>Batch</Filter>
    </ClInclude>
    <ClInclude Include="BatchMesh\RenderVertex.h">
      <Filter>BatchMesh</Filter>
    </ClInclude>
    <ClInclude Include="BatchMesh\RenderMesh.h">
      <Filter>BatchMesh</Filter>
    </ClInclude>
    <ClInclude Include="BatchMesh\RenderMeshNode.h">
      <Filter>BatchMesh</Filter>
    </ClInclude>
    <ClInclude Include="Container\LinkedList .h">
      <Filter>Container</Filter>
    </ClInclude>
    <ClInclude Include="Render\GLRenderer.h">
      <Filter>Render</Filter>
    </ClInclude>
    <ClInclude Include="Render\OrbitCamera.h">
      <Filter>Render</Filter>
    </ClInclude>
    <ClInclude Include="Render\FirstPersonCamera.h">
      <Filter>Render</Filter>
    </ClInclude>
  </ItemGroup>
  <ItemGroup>
    <None Include="Shaders\basic.frag">
      <Filter>Shaders</Filter>
    </None>
    <None Include="Shaders\basic.vert">
      <Filter>Shaders</Filter>
    </None>
  </ItemGroup>
</Project>